
Microsoft Visual Studio Solution File, Format Version 12.00
Project("{FAE04EC0-301F-11D3-BF4B-00C04F79EFBC}") = "CMS", "CMS.csproj", "{3205BE1C-838D-4CC3-82B0-180ACB0358C8}"
EndProject
Global
	GlobalSection(SolutionConfigurationPlatforms) = preSolution
		Debug|Any CPU = Debug|Any CPU
		Release|Any CPU = Release|Any CPU
	EndGlobalSection
	GlobalSection(ProjectConfigurationPlatforms) = postSolution
		{3205BE1C-838D-4CC3-82B0-180ACB0358C8}.Debug|Any CPU.ActiveCfg = Debug|Any CPU
		{3205BE1C-838D-4CC3-82B0-180ACB0358C8}.Debug|Any CPU.Build.0 = Debug|Any CPU
		{3205BE1C-838D-4CC3-82B0-180ACB0358C8}.Release|Any CPU.ActiveCfg = Release|Any CPU
		{3205BE1C-838D-4CC3-82B0-180ACB0358C8}.Release|Any CPU.Build.0 = Release|Any CPU
	EndGlobalSection
EndGlobal
